
Microsoft Visual Studio Solution File, Format Version 12.00
# Visual Studio 14
VisualStudioVersion = 14.0.23107.0
MinimumVisualStudioVersion = 10.0.40219.1
Project("{FAE04EC0-301F-11D3-BF4B-00C04F79EFBC}") = "Microsoft.Azure.IoT.Studio.Tool.DMConsole", "Microsoft.Azure.IoT.Studio.Tool.DMConsole.csproj", "{1196A34D-C03B-4E53-8504-50708BBBB1F1}"
EndProject
Global
	GlobalSection(SolutionConfigurationPlatforms) = preSolution
		Debug|Any CPU = Debug|Any CPU
		DebugPrivate|Any CPU = DebugPrivate|Any CPU
		Release|Any CPU = Release|Any CPU
		ReleasePrivate|Any CPU = ReleasePrivate|Any CPU
	EndGlobalSection
	GlobalSection(ProjectConfigurationPlatforms) = postSolution
		{1196A34D-C03B-4E53-8504-50708BBBB1F1}.Debug|Any CPU.ActiveCfg = Debug|Any CPU
		{1196A34D-C03B-4E53-8504-50708BBBB1F1}.Debug|Any CPU.Build.0 = Debug|Any CPU
		{1196A34D-C03B-4E53-8504-50708BBBB1F1}.DebugPrivate|Any CPU.ActiveCfg = DebugPrivate|Any CPU
		{1196A34D-C03B-4E53-8504-50708BBBB1F1}.DebugPrivate|Any CPU.Build.0 = DebugPrivate|Any CPU
		{1196A34D-C03B-4E53-8504-50708BBBB1F1}.Release|Any CPU.ActiveCfg = Release|Any CPU
		{1196A34D-C03B-4E53-8504-50708BBBB1F1}.Release|Any CPU.Build.0 = Release|Any CPU
		{1196A34D-C03B-4E53-8504-50708BBBB1F1}.ReleasePrivate|Any CPU.ActiveCfg = ReleasePrivate|Any CPU
		{1196A34D-C03B-4E53-8504-50708BBBB1F1}.ReleasePrivate|Any CPU.Build.0 = ReleasePrivate|Any CPU
	EndGlobalSection
	GlobalSection(SolutionProperties) = preSolution
		HideSolutionNode = FALSE
	EndGlobalSection
EndGlobal
